
Microsoft Visual Studio Solution File, Format Version 12.00
# Visual Studio Version 16
VisualStudioVersion = 16.0.29215.179
MinimumVisualStudioVersion = 10.0.40219.1
Project("{FAE04EC0-301F-11D3-BF4B-00C04F79EFBC}") = "SchoolMarksAverage", "SchoolMarksAverage\SchoolMarksAverage.csproj", "{B6A0A444-2205-436F-BF6F-C46D33705C59}"
EndProject
Global
	GlobalSection(SolutionConfigurationPlatforms) = preSolution
		Debug|Any CPU = Debug|Any CPU
		Release|Any CPU = Release|Any CPU
	EndGlobalSection
	GlobalSection(ProjectConfigurationPlatforms) = postSolution
		{B6A0A444-2205-436F-BF6F-C46D33705C59}.Debug|Any CPU.ActiveCfg = Debug|Any CPU
		{B6A0A444-2205-436F-BF6F-C46D33705C59}.Debug|Any CPU.Build.0 = Debug|Any CPU
		{B6A0A444-2205-436F-BF6F-C46D33705C59}.Release|Any CPU.ActiveCfg = Release|Any CPU
		{B6A0A444-2205-436F-BF6F-C46D33705C59}.Release|Any CPU.Build.0 = Release|Any CPU
	EndGlobalSection
	GlobalSection(SolutionProperties) = preSolution
		HideSolutionNode = FALSE
	EndGlobalSection
	GlobalSection(ExtensibilityGlobals) = postSolution
		SolutionGuid = {B89C5EE9-0C53-4006-97DA-71B7888FC020}
	EndGlobalSection
EndGlobal
